
Microsoft Visual Studio Solution File, Format Version 12.00
# Visual Studio 2013
VisualStudioVersion = 12.0.20827.3
MinimumVisualStudioVersion = 10.0.40219.1
Project("{FAE04EC0-301F-11D3-BF4B-00C04F79EFBC}") = "MyMath", "MyMath\MyMath.csproj", "{245B3AE6-B2E9-457B-ACA9-91FFCAAA4DAB}"
EndProject
Project("{FAE04EC0-301F-11D3-BF4B-00C04F79EFBC}") = "MyMath.Tests", "MyMath.Tests\MyMath.Tests.csproj", "{EB20B009-37D2-4D38-BFC3-69367FB576C4}"
EndProject
Global
	GlobalSection(SolutionConfigurationPlatforms) = preSolution
		Debug|Any CPU = Debug|Any CPU
		Release|Any CPU = Release|Any CPU
	EndGlobalSection
	GlobalSection(ProjectConfigurationPlatforms) = postSolution
		{245B3AE6-B2E9-457B-ACA9-91FFCAAA4DAB}.Debug|Any CPU.ActiveCfg = Debug|Any CPU
		{245B3AE6-B2E9-457B-ACA9-91FFCAAA4DAB}.Debug|Any CPU.Build.0 = Debug|Any CPU
		{245B3AE6-B2E9-457B-ACA9-91FFCAAA4DAB}.Release|Any CPU.ActiveCfg = Release|Any CPU
		{245B3AE6-B2E9-457B-ACA9-91FFCAAA4DAB}.Release|Any CPU.Build.0 = Release|Any CPU
		{EB20B009-37D2-4D38-BFC3-69367FB576C4}.Debug|Any CPU.ActiveCfg = Debug|Any CPU
		{EB20B009-37D2-4D38-BFC3-69367FB576C4}.Debug|Any CPU.Build.0 = Debug|Any CPU
		{EB20B009-37D2-4D38-BFC3-69367FB576C4}.Release|Any CPU.ActiveCfg = Release|Any CPU
		{EB20B009-37D2-4D38-BFC3-69367FB576C4}.Release|Any CPU.Build.0 = Release|Any CPU
	EndGlobalSection
	GlobalSection(SolutionProperties) = preSolution
		HideSolutionNode = FALSE
	EndGlobalSection
EndGlobal
